%{
  "helpful_options": {:hex, :helpful_options, "0.4.4", "626aefce1247ce05edae96f26be2e8dd929f48c7d1b28b74f31046ec35e07cdb", [:mix], [], "hexpm", "f085b8d99089593f549edcb8b8ed921ae2829dd9b2fdad96cc02400176240fa5"},
  "jason": {:hex, :jason, "1.4.4", "b9226785a9aa77b6857ca22832cffa5d5011a667207eb2a0ad56adb5db443b8a", [:mix], [{:decimal, "~> 1.0 or ~> 2.0", [hex: :decimal, repo: "hexpm", optional: true]}], "hexpm", "c5eb0cab91f094599f94d55bc63409236a8ec69a21a67814529e8d5f6cc90b3b"},
}
